
Microsoft Visual Studio Solution File, Format Version 12.00
# Visual Studio Version 17
VisualStudioVersion = 17.8.34330.188
MinimumVisualStudioVersion = 10.0.40219.1
Project("{9A19103F-16F7-4668-BE54-9A1E7A4F7556}") = "FoxHoleWebAPI", "FoxHoleWebAPI\FoxHoleWebAPI.csproj", "{3B50CB90-5D30-4265-915C-DE38A3482FE3}"
EndProject
Global
	GlobalSection(SolutionConfigurationPlatforms) = preSolution
		Debug|Any CPU = Debug|Any CPU
		Release|Any CPU = Release|Any CPU
	EndGlobalSection
	GlobalSection(ProjectConfigurationPlatforms) = postSolution
		{3B50CB90-5D30-4265-915C-DE38A3482FE3}.Debug|Any CPU.ActiveCfg = Debug|Any CPU
		{3B50CB90-5D30-4265-915C-DE38A3482FE3}.Debug|Any CPU.Build.0 = Debug|Any CPU
		{3B50CB90-5D30-4265-915C-DE38A3482FE3}.Release|Any CPU.ActiveCfg = Release|Any CPU
		{3B50CB90-5D30-4265-915C-DE38A3482FE3}.Release|Any CPU.Build.0 = Release|Any CPU
	EndGlobalSection
	GlobalSection(SolutionProperties) = preSolution
		HideSolutionNode = FALSE
	EndGlobalSection
	GlobalSection(ExtensibilityGlobals) = postSolution
		SolutionGuid = {97212FD4-B3ED-412B-AB86-E2A9ADE9B29A}
	EndGlobalSection
EndGlobal
